
Microsoft Visual Studio Solution File, Format Version 12.00
# Visual Studio Version 17
VisualStudioVersion = 17.10.35027.167
MinimumVisualStudioVersion = 10.0.40219.1
Project("{FAE04EC0-301F-11D3-BF4B-00C04F79EFBC}") = "DPM215465_LEQUOCHUNG_Real05_Singleton", "DPM215465_LEQUOCHUNG_Real05_Singleton\DPM215465_LEQUOCHUNG_Real05_Singleton.csproj", "{ED89008C-9725-4715-B00F-246C4CF9626D}"
EndProject
Global
	GlobalSection(SolutionConfigurationPlatforms) = preSolution
		Debug|Any CPU = Debug|Any CPU
		Release|Any CPU = Release|Any CPU
	EndGlobalSection
	GlobalSection(ProjectConfigurationPlatforms) = postSolution
		{ED89008C-9725-4715-B00F-246C4CF9626D}.Debug|Any CPU.ActiveCfg = Debug|Any CPU
		{ED89008C-9725-4715-B00F-246C4CF9626D}.Debug|Any CPU.Build.0 = Debug|Any CPU
		{ED89008C-9725-4715-B00F-246C4CF9626D}.Release|Any CPU.ActiveCfg = Release|Any CPU
		{ED89008C-9725-4715-B00F-246C4CF9626D}.Release|Any CPU.Build.0 = Release|Any CPU
	EndGlobalSection
	GlobalSection(SolutionProperties) = preSolution
		HideSolutionNode = FALSE
	EndGlobalSection
	GlobalSection(ExtensibilityGlobals) = postSolution
		SolutionGuid = {46CABBE2-69EB-4E71-8AB1-52ECE18B06EA}
	EndGlobalSection
EndGlobal
