
Microsoft Visual Studio Solution File, Format Version 12.00
# Visual Studio Version 17
VisualStudioVersion = 17.10.35027.167
MinimumVisualStudioVersion = 10.0.40219.1
Project("{FAE04EC0-301F-11D3-BF4B-00C04F79EFBC}") = "DPM215465_LEQUOCHUNG_Real02_Builder", "DPM215465_LEQUOCHUNG_Real02_Builder\DPM215465_LEQUOCHUNG_Real02_Builder.csproj", "{5D73FA68-F3EA-4F2C-8553-BD3579435500}"
EndProject
Global
	GlobalSection(SolutionConfigurationPlatforms) = preSolution
		Debug|Any CPU = Debug|Any CPU
		Release|Any CPU = Release|Any CPU
	EndGlobalSection
	GlobalSection(ProjectConfigurationPlatforms) = postSolution
		{5D73FA68-F3EA-4F2C-8553-BD3579435500}.Debug|Any CPU.ActiveCfg = Debug|Any CPU
		{5D73FA68-F3EA-4F2C-8553-BD3579435500}.Debug|Any CPU.Build.0 = Debug|Any CPU
		{5D73FA68-F3EA-4F2C-8553-BD3579435500}.Release|Any CPU.ActiveCfg = Release|Any CPU
		{5D73FA68-F3EA-4F2C-8553-BD3579435500}.Release|Any CPU.Build.0 = Release|Any CPU
	EndGlobalSection
	GlobalSection(SolutionProperties) = preSolution
		HideSolutionNode = FALSE
	EndGlobalSection
	GlobalSection(ExtensibilityGlobals) = postSolution
		SolutionGuid = {97FB47B0-43FF-4CC5-970D-30AE6950DE19}
	EndGlobalSection
EndGlobal
