
Microsoft Visual Studio Solution File, Format Version 12.00
# Visual Studio Version 17
VisualStudioVersion = 17.10.35027.167
MinimumVisualStudioVersion = 10.0.40219.1
Project("{FAE04EC0-301F-11D3-BF4B-00C04F79EFBC}") = "DPM215465_LEQUOCHUNG_Pattern04_Prototype", "DPM215465_LEQUOCHUNG_Pattern04_Prototype\DPM215465_LEQUOCHUNG_Pattern04_Prototype.csproj", "{AA5268D3-1664-4A23-8A1E-83F7CB0AD753}"
EndProject
Global
	GlobalSection(SolutionConfigurationPlatforms) = preSolution
		Debug|Any CPU = Debug|Any CPU
		Release|Any CPU = Release|Any CPU
	EndGlobalSection
	GlobalSection(ProjectConfigurationPlatforms) = postSolution
		{AA5268D3-1664-4A23-8A1E-83F7CB0AD753}.Debug|Any CPU.ActiveCfg = Debug|Any CPU
		{AA5268D3-1664-4A23-8A1E-83F7CB0AD753}.Debug|Any CPU.Build.0 = Debug|Any CPU
		{AA5268D3-1664-4A23-8A1E-83F7CB0AD753}.Release|Any CPU.ActiveCfg = Release|Any CPU
		{AA5268D3-1664-4A23-8A1E-83F7CB0AD753}.Release|Any CPU.Build.0 = Release|Any CPU
	EndGlobalSection
	GlobalSection(SolutionProperties) = preSolution
		HideSolutionNode = FALSE
	EndGlobalSection
	GlobalSection(ExtensibilityGlobals) = postSolution
		SolutionGuid = {DB86EC36-BDAF-4435-A645-BFA2E4A6E1B6}
	EndGlobalSection
EndGlobal
