
Microsoft Visual Studio Solution File, Format Version 12.00
# Visual Studio Version 17
VisualStudioVersion = 17.10.35027.167
MinimumVisualStudioVersion = 10.0.40219.1
Project("{FAE04EC0-301F-11D3-BF4B-00C04F79EFBC}") = "DPM215465_LEQUOCHUNG_Pattern06_Adapter", "DPM215465_LEQUOCHUNG_Pattern06_Adapter\DPM215465_LEQUOCHUNG_Pattern06_Adapter.csproj", "{B1F89264-5FC7-4E2A-AFA9-23EA1BCB91E5}"
EndProject
Global
	GlobalSection(SolutionConfigurationPlatforms) = preSolution
		Debug|Any CPU = Debug|Any CPU
		Release|Any CPU = Release|Any CPU
	EndGlobalSection
	GlobalSection(ProjectConfigurationPlatforms) = postSolution
		{B1F89264-5FC7-4E2A-AFA9-23EA1BCB91E5}.Debug|Any CPU.ActiveCfg = Debug|Any CPU
		{B1F89264-5FC7-4E2A-AFA9-23EA1BCB91E5}.Debug|Any CPU.Build.0 = Debug|Any CPU
		{B1F89264-5FC7-4E2A-AFA9-23EA1BCB91E5}.Release|Any CPU.ActiveCfg = Release|Any CPU
		{B1F89264-5FC7-4E2A-AFA9-23EA1BCB91E5}.Release|Any CPU.Build.0 = Release|Any CPU
	EndGlobalSection
	GlobalSection(SolutionProperties) = preSolution
		HideSolutionNode = FALSE
	EndGlobalSection
	GlobalSection(ExtensibilityGlobals) = postSolution
		SolutionGuid = {2AEAE3C3-B1EC-4CEB-BE48-C36299D3E6CB}
	EndGlobalSection
EndGlobal
