
Microsoft Visual Studio Solution File, Format Version 12.00
# Visual Studio Version 17
VisualStudioVersion = 17.10.35027.167
MinimumVisualStudioVersion = 10.0.40219.1
Project("{FAE04EC0-301F-11D3-BF4B-00C04F79EFBC}") = "DPM215465_LEQUOCHUNG_Real06_Adapter", "DPM215465_LEQUOCHUNG_Real06_Adapter\DPM215465_LEQUOCHUNG_Real06_Adapter.csproj", "{F5B37D63-DA9D-4E1E-ACE7-CB63921F132C}"
EndProject
Global
	GlobalSection(SolutionConfigurationPlatforms) = preSolution
		Debug|Any CPU = Debug|Any CPU
		Release|Any CPU = Release|Any CPU
	EndGlobalSection
	GlobalSection(ProjectConfigurationPlatforms) = postSolution
		{F5B37D63-DA9D-4E1E-ACE7-CB63921F132C}.Debug|Any CPU.ActiveCfg = Debug|Any CPU
		{F5B37D63-DA9D-4E1E-ACE7-CB63921F132C}.Debug|Any CPU.Build.0 = Debug|Any CPU
		{F5B37D63-DA9D-4E1E-ACE7-CB63921F132C}.Release|Any CPU.ActiveCfg = Release|Any CPU
		{F5B37D63-DA9D-4E1E-ACE7-CB63921F132C}.Release|Any CPU.Build.0 = Release|Any CPU
	EndGlobalSection
	GlobalSection(SolutionProperties) = preSolution
		HideSolutionNode = FALSE
	EndGlobalSection
	GlobalSection(ExtensibilityGlobals) = postSolution
		SolutionGuid = {B59E03AF-2B58-4FC1-8EB7-AE1ACAA4B134}
	EndGlobalSection
EndGlobal
