
Microsoft Visual Studio Solution File, Format Version 12.00
# Visual Studio Version 17
VisualStudioVersion = 17.10.35027.167
MinimumVisualStudioVersion = 10.0.40219.1
Project("{FAE04EC0-301F-11D3-BF4B-00C04F79EFBC}") = "DPM215465_LEQUOCHUNG_Real03_FactoryMethod", "DPM215465_LEQUOCHUNG_Real03_FactoryMethod\DPM215465_LEQUOCHUNG_Real03_FactoryMethod.csproj", "{2B9729F1-4D56-427C-B25E-1203D2BA6120}"
EndProject
Global
	GlobalSection(SolutionConfigurationPlatforms) = preSolution
		Debug|Any CPU = Debug|Any CPU
		Release|Any CPU = Release|Any CPU
	EndGlobalSection
	GlobalSection(ProjectConfigurationPlatforms) = postSolution
		{2B9729F1-4D56-427C-B25E-1203D2BA6120}.Debug|Any CPU.ActiveCfg = Debug|Any CPU
		{2B9729F1-4D56-427C-B25E-1203D2BA6120}.Debug|Any CPU.Build.0 = Debug|Any CPU
		{2B9729F1-4D56-427C-B25E-1203D2BA6120}.Release|Any CPU.ActiveCfg = Release|Any CPU
		{2B9729F1-4D56-427C-B25E-1203D2BA6120}.Release|Any CPU.Build.0 = Release|Any CPU
	EndGlobalSection
	GlobalSection(SolutionProperties) = preSolution
		HideSolutionNode = FALSE
	EndGlobalSection
	GlobalSection(ExtensibilityGlobals) = postSolution
		SolutionGuid = {203FD509-809E-4FE7-B833-71F4916590B2}
	EndGlobalSection
EndGlobal
