
Microsoft Visual Studio Solution File, Format Version 12.00
# Visual Studio Version 17
VisualStudioVersion = 17.10.35027.167
MinimumVisualStudioVersion = 10.0.40219.1
Project("{FAE04EC0-301F-11D3-BF4B-00C04F79EFBC}") = "DPM215465_LEQUOCHUNG_Pattern09_Decorator", "DPM215465_LEQUOCHUNG_Pattern09_Decorator\DPM215465_LEQUOCHUNG_Pattern09_Decorator.csproj", "{4FD488E7-334A-4A0E-B044-3F68582FBDD2}"
EndProject
Global
	GlobalSection(SolutionConfigurationPlatforms) = preSolution
		Debug|Any CPU = Debug|Any CPU
		Release|Any CPU = Release|Any CPU
	EndGlobalSection
	GlobalSection(ProjectConfigurationPlatforms) = postSolution
		{4FD488E7-334A-4A0E-B044-3F68582FBDD2}.Debug|Any CPU.ActiveCfg = Debug|Any CPU
		{4FD488E7-334A-4A0E-B044-3F68582FBDD2}.Debug|Any CPU.Build.0 = Debug|Any CPU
		{4FD488E7-334A-4A0E-B044-3F68582FBDD2}.Release|Any CPU.ActiveCfg = Release|Any CPU
		{4FD488E7-334A-4A0E-B044-3F68582FBDD2}.Release|Any CPU.Build.0 = Release|Any CPU
	EndGlobalSection
	GlobalSection(SolutionProperties) = preSolution
		HideSolutionNode = FALSE
	EndGlobalSection
	GlobalSection(ExtensibilityGlobals) = postSolution
		SolutionGuid = {9C84F18D-609A-47BE-8775-B5E115A76B0E}
	EndGlobalSection
EndGlobal
