
Microsoft Visual Studio Solution File, Format Version 12.00
# Visual Studio Version 17
VisualStudioVersion = 17.10.35027.167
MinimumVisualStudioVersion = 10.0.40219.1
Project("{FAE04EC0-301F-11D3-BF4B-00C04F79EFBC}") = "DPM215465_LEQUOCHUNG_Real01_AbstractFactory", "DPM215465_LEQUOCHUNG_Real01_AbstractFactory\DPM215465_LEQUOCHUNG_Real01_AbstractFactory.csproj", "{F440C673-3121-4F16-BA74-91AA01D6013E}"
EndProject
Global
	GlobalSection(SolutionConfigurationPlatforms) = preSolution
		Debug|Any CPU = Debug|Any CPU
		Release|Any CPU = Release|Any CPU
	EndGlobalSection
	GlobalSection(ProjectConfigurationPlatforms) = postSolution
		{F440C673-3121-4F16-BA74-91AA01D6013E}.Debug|Any CPU.ActiveCfg = Debug|Any CPU
		{F440C673-3121-4F16-BA74-91AA01D6013E}.Debug|Any CPU.Build.0 = Debug|Any CPU
		{F440C673-3121-4F16-BA74-91AA01D6013E}.Release|Any CPU.ActiveCfg = Release|Any CPU
		{F440C673-3121-4F16-BA74-91AA01D6013E}.Release|Any CPU.Build.0 = Release|Any CPU
	EndGlobalSection
	GlobalSection(SolutionProperties) = preSolution
		HideSolutionNode = FALSE
	EndGlobalSection
	GlobalSection(ExtensibilityGlobals) = postSolution
		SolutionGuid = {5B95D4EF-D8CD-499D-967E-9BA18B04F8D6}
	EndGlobalSection
EndGlobal
